{
    "_readme": [
        "This file locks the dependencies of your project to a known state",
        "Read more about it at https://getcomposer.org/doc/01-basic-usage.md#composer-lock-the-lock-file",
        "This file is @generated automatically"
    ],
    "hash": "3e0d81b36e0d7943f4f1443f30487e13",
    "content-hash": "ab742bbca1723bd977ac6cca8330e6ce",
    "packages": [
        {
            "name": "doctrine/inflector",
            "version": "v1.1.0",
            "source": {
                "type": "git",
                "url": "https://github.com/doctrine/inflector.git",
                "reference": "90b2128806bfde671b6952ab8bea493942c1fdae"
            },
            "dist": {
                "type": "zip",
                "url": "https://packagist.phpcomposer.com/files/doctrine/inflector/90b2128806bfde671b6952ab8bea493942c1fdae.zip",
                "reference": "90b2128806bfde671b6952ab8bea493942c1fdae",
                "shasum": ""
            },
            "require": {
                "php": ">=5.3.2"
            },
            "require-dev": {
                "phpunit/phpunit": "4.*"
            },
            "type": "library",
            "extra": {
                "branch-alias": {
                    "dev-master": "1.1.x-dev"
                }
            },
            "autoload": {
                "psr-0": {
                    "Doctrine\\Common\\Inflector\\": "lib/"
                }
            },
            "notification-url": "https://packagist.org/downloads/",
            "license": [
                "MIT"
            ],
            "authors": [
                {
                    "name": "Roman Borschel",
                    "email": "roman@code-factory.org"
                },
                {
                    "name": "Benjamin Eberlei",
                    "email": "kontakt@beberlei.de"
                },
                {
                    "name": "Guilherme Blanco",
                    "email": "guilhermeblanco@gmail.com"
                },
                {
                    "name": "Jonathan Wage",
                    "email": "jonwage@gmail.com"
                },
                {
                    "name": "Johannes Schmitt",
                    "email": "schmittjoh@gmail.com"
                }
            ],
            "description": "Common String Manipulations with regard to casing and singular/plural rules.",
            "homepage": "http://www.doctrine-project.org",
            "keywords": [
                "inflection",
                "pluralize",
                "singularize",
                "string"
            ],
            "time": "2015-11-06 14:35:42"
        },
        {
            "name": "illuminate/bus",
            "version": "v5.2.37",
            "source": {
                "type": "git",
                "url": "https://github.com/illuminate/bus.git",
                "reference": "4c45efed0f93e107cd0357d02ac1bbb220b36ba4"
            },
            "dist": {
                "type": "zip",
                "url": "https://packagist.phpcomposer.com/files/illuminate/bus/4c45efed0f93e107cd0357d02ac1bbb220b36ba4.zip",
                "reference": "4c45efed0f93e107cd0357d02ac1bbb220b36ba4",
                "shasum": ""
            },
            "require": {
                "illuminate/contracts": "5.2.*",
                "illuminate/pipeline": "5.2.*",
                "illuminate/support": "5.2.*",
                "php": ">=5.5.9"
            },
            "type": "library",
            "extra": {
                "branch-alias": {
                    "dev-master": "5.2-dev"
                }
            },
            "autoload": {
                "psr-4": {
                    "Illuminate\\Bus\\": ""
                }
            },
            "notification-url": "https://packagist.org/downloads/",
            "license": [
                "MIT"
            ],
            "authors": [
                {
                    "name": "Taylor Otwell",
                    "email": "taylorotwell@gmail.com"
                }
            ],
            "description": "The Illuminate Bus package.",
            "homepage": "http://laravel.com",
            "time": "2015-12-05 22:11:33"
        },
        {
            "name": "illuminate/config",
            "version": "v5.2.37",
            "source": {
                "type": "git",
                "url": "https://github.com/illuminate/config.git",
                "reference": "29d25fa086eac092a54859b3cbf7580299fc101e"
            },
            "dist": {
                "type": "zip",
                "url": "https://packagist.phpcomposer.com/files/illuminate/config/29d25fa086eac092a54859b3cbf7580299fc101e.zip",
                "reference": "29d25fa086eac092a54859b3cbf7580299fc101e",
                "shasum": ""
            },
            "require": {
                "illuminate/contracts": "5.2.*",
                "illuminate/filesystem": "5.2.*",
                "illuminate/support": "5.2.*",
                "php": ">=5.5.9"
            },
            "type": "library",
            "extra": {
                "branch-alias": {
                    "dev-master": "5.2-dev"
                }
            },
            "autoload": {
                "psr-4": {
                    "Illuminate\\Config\\": ""
                }
            },
            "notification-url": "https://packagist.org/downloads/",
            "license": [
                "MIT"
            ],
            "authors": [
                {
                    "name": "Taylor Otwell",
                    "email": "taylorotwell@gmail.com"
                }
            ],
            "description": "The Illuminate Config package.",
            "homepage": "http://laravel.com",
            "time": "2015-06-22 20:36:58"
        },
        {
            "name": "illuminate/console",
            "version": "v5.2.37",
            "source": {
                "type": "git",
                "url": "https://github.com/illuminate/console.git",
                "reference": "21c651991b66f4fe739e27f6d2cdacdc7c08ec1c"
            },
            "dist": {
                "type": "zip",
                "url": "https://packagist.phpcomposer.com/files/illuminate/console/21c651991b66f4fe739e27f6d2cdacdc7c08ec1c.zip",
                "reference": "21c651991b66f4fe739e27f6d2cdacdc7c08ec1c",
                "shasum": ""
            },
            "require": {
                "illuminate/contracts": "5.2.*",
                "illuminate/support": "5.2.*",
                "nesbot/carbon": "~1.20",
                "php": ">=5.5.9",
                "symfony/console": "2.8.*|3.0.*"
            },
            "suggest": {
                "guzzlehttp/guzzle": "Required to use the ping methods on schedules (~5.3|~6.0).",
                "mtdowling/cron-expression": "Required to use scheduling component (~1.0).",
                "symfony/process": "Required to use scheduling component (2.8.*|3.0.*)."
            },
            "type": "library",
            "extra": {
                "branch-alias": {
                    "dev-master": "5.2-dev"
                }
            },
            "autoload": {
                "psr-4": {
                    "Illuminate\\Console\\": ""
                }
            },
            "notification-url": "https://packagist.org/downloads/",
            "license": [
                "MIT"
            ],
            "authors": [
                {
                    "name": "Taylor Otwell",
                    "email": "taylorotwell@gmail.com"
                }
            ],
            "description": "The Illuminate Console package.",
            "homepage": "http://laravel.com",
            "time": "2016-06-09 01:54:11"
        },
        {
            "name": "illuminate/container",
            "version": "v5.2.37",
            "source": {
                "type": "git",
                "url": "https://github.com/illuminate/container.git",
                "reference": "7ec395833738b9059f829348ddc9a59d0118ac88"
            },
            "dist": {
                "type": "zip",
                "url": "https://packagist.phpcomposer.com/files/illuminate/container/7ec395833738b9059f829348ddc9a59d0118ac88.zip",
                "reference": "7ec395833738b9059f829348ddc9a59d0118ac88",
                "shasum": ""
            },
            "require": {
                "illuminate/contracts": "5.2.*",
                "php": ">=5.5.9"
            },
            "type": "library",
            "extra": {
                "branch-alias": {
                    "dev-master": "5.2-dev"
                }
            },
            "autoload": {
                "psr-4": {
                    "Illuminate\\Container\\": ""
                }
            },
            "notification-url": "https://packagist.org/downloads/",
            "license": [
                "MIT"
            ],
            "authors": [
                {
                    "name": "Taylor Otwell",
                    "email": "taylorotwell@gmail.com"
                }
            ],
            "description": "The Illuminate Container package.",
            "homepage": "http://laravel.com",
            "time": "2016-05-29 02:18:23"
        },
        {
            "name": "illuminate/contracts",
            "version": "v5.2.37",
            "source": {
                "type": "git",
                "url": "https://github.com/illuminate/contracts.git",
                "reference": "f4f44d7c6d20404da8dfc655bd3d6dd788dfdce5"
            },
            "dist": {
                "type": "zip",
                "url": "https://packagist.phpcomposer.com/files/illuminate/contracts/f4f44d7c6d20404da8dfc655bd3d6dd788dfdce5.zip",
                "reference": "f4f44d7c6d20404da8dfc655bd3d6dd788dfdce5",
                "shasum": ""
            },
            "require": {
                "php": ">=5.5.9"
            },
            "type": "library",
            "extra": {
                "branch-alias": {
                    "dev-master": "5.2-dev"
                }
            },
            "autoload": {
                "psr-4": {
                    "Illuminate\\Contracts\\": ""
                }
            },
            "notification-url": "https://packagist.org/downloads/",
            "license": [
                "MIT"
            ],
            "authors": [
                {
                    "name": "Taylor Otwell",
                    "email": "taylorotwell@gmail.com"
                }
            ],
            "description": "The Illuminate Contracts package.",
            "homepage": "http://laravel.com",
            "time": "2016-05-31 21:36:13"
        },
        {
            "name": "illuminate/database",
            "version": "v5.2.37",
            "source": {
                "type": "git",
                "url": "https://github.com/illuminate/database.git",
                "reference": "c0746930dc6a6ff9b72945152609d61a3b3829c6"
            },
            "dist": {
                "type": "zip",
                "url": "https://packagist.phpcomposer.com/files/illuminate/database/c0746930dc6a6ff9b72945152609d61a3b3829c6.zip",
                "reference": "c0746930dc6a6ff9b72945152609d61a3b3829c6",
                "shasum": ""
            },
            "require": {
                "illuminate/container": "5.2.*",
                "illuminate/contracts": "5.2.*",
                "illuminate/support": "5.2.*",
                "nesbot/carbon": "~1.20",
                "php": ">=5.5.9"
            },
            "suggest": {
                "doctrine/dbal": "Required to rename columns and drop SQLite columns (~2.4).",
                "fzaninotto/faker": "Required to use the eloquent factory builder (~1.4).",
                "illuminate/console": "Required to use the database commands (5.2.*).",
                "illuminate/events": "Required to use the observers with Eloquent (5.2.*).",
                "illuminate/filesystem": "Required to use the migrations (5.2.*).",
                "illuminate/pagination": "Required to paginate the result set (5.2.*)."
            },
            "type": "library",
            "extra": {
                "branch-alias": {
                    "dev-master": "5.2-dev"
                }
            },
            "autoload": {
                "psr-4": {
                    "Illuminate\\Database\\": ""
                }
            },
            "notification-url": "https://packagist.org/downloads/",
            "license": [
                "MIT"
            ],
            "authors": [
                {
                    "name": "Taylor Otwell",
                    "email": "taylorotwell@gmail.com"
                }
            ],
            "description": "The Illuminate Database package.",
            "homepage": "http://laravel.com",
            "keywords": [
                "database",
                "laravel",
                "orm",
                "sql"
            ],
            "time": "2016-06-06 13:12:46"
        },
        {
            "name": "illuminate/encryption",
            "version": "v5.2.37",
            "source": {
                "type": "git",
                "url": "https://github.com/illuminate/encryption.git",
                "reference": "bd76d4c6b5a2cddbd47ae0b70518613086b2f410"
            },
            "dist": {
                "type": "zip",
                "url": "https://packagist.phpcomposer.com/files/illuminate/encryption/bd76d4c6b5a2cddbd47ae0b70518613086b2f410.zip",
                "reference": "bd76d4c6b5a2cddbd47ae0b70518613086b2f410",
                "shasum": ""
            },
            "require": {
                "ext-mbstring": "*",
                "ext-openssl": "*",
                "illuminate/contracts": "5.2.*",
                "illuminate/support": "5.2.*",
                "paragonie/random_compat": "~1.4",
                "php": ">=5.5.9"
            },
            "type": "library",
            "extra": {
                "branch-alias": {
                    "dev-master": "5.2-dev"
                }
            },
            "autoload": {
                "psr-4": {
                    "Illuminate\\Encryption\\": ""
                }
            },
            "notification-url": "https://packagist.org/downloads/",
            "license": [
                "MIT"
            ],
            "authors": [
                {
                    "name": "Taylor Otwell",
                    "email": "taylorotwell@gmail.com"
                }
            ],
            "description": "The Illuminate Encryption package.",
            "homepage": "http://laravel.com",
            "time": "2016-04-25 01:08:38"
        },
        {
            "name": "illuminate/events",
            "version": "v5.2.37",
            "source": {
                "type": "git",
                "url": "https://github.com/illuminate/events.git",
                "reference": "5a5e5d72bf3a2d01d8b15e89440026a60bc4a81b"
            },
            "dist": {
                "type": "zip",
                "url": "https://packagist.phpcomposer.com/files/illuminate/events/5a5e5d72bf3a2d01d8b15e89440026a60bc4a81b.zip",
                "reference": "5a5e5d72bf3a2d01d8b15e89440026a60bc4a81b",
                "shasum": ""
            },
            "require": {
                "illuminate/container": "5.2.*",
                "illuminate/contracts": "5.2.*",
                "illuminate/support": "5.2.*",
                "php": ">=5.5.9"
            },
            "type": "library",
            "extra": {
                "branch-alias": {
                    "dev-master": "5.2-dev"
                }
            },
            "autoload": {
                "psr-4": {
                    "Illuminate\\Events\\": ""
                }
            },
            "notification-url": "https://packagist.org/downloads/",
            "license": [
                "MIT"
            ],
            "authors": [
                {
                    "name": "Taylor Otwell",
                    "email": "taylorotwell@gmail.com"
                }
            ],
            "description": "The Illuminate Events package.",
            "homepage": "http://laravel.com",
            "time": "2016-01-01 01:00:19"
        },
        {
            "name": "illuminate/filesystem",
            "version": "v5.2.37",
            "source": {
                "type": "git",
                "url": "https://github.com/illuminate/filesystem.git",
                "reference": "e9c3ba4fce5853f559f805a5626b18517a55b8b3"
            },
            "dist": {
                "type": "zip",
                "url": "https://packagist.phpcomposer.com/files/illuminate/filesystem/e9c3ba4fce5853f559f805a5626b18517a55b8b3.zip",
                "reference": "e9c3ba4fce5853f559f805a5626b18517a55b8b3",
                "shasum": ""
            },
            "require": {
                "illuminate/contracts": "5.2.*",
                "illuminate/support": "5.2.*",
                "php": ">=5.5.9",
                "symfony/finder": "2.8.*|3.0.*"
            },
            "suggest": {
                "league/flysystem": "Required to use the Flysystem local and FTP drivers (~1.0).",
                "league/flysystem-aws-s3-v3": "Required to use the Flysystem S3 driver (~1.0).",
                "league/flysystem-rackspace": "Required to use the Flysystem Rackspace driver (~1.0)."
            },
            "type": "library",
            "extra": {
                "branch-alias": {
                    "dev-master": "5.2-dev"
                }
            },
            "autoload": {
                "psr-4": {
                    "Illuminate\\Filesystem\\": ""
                }
            },
            "notification-url": "https://packagist.org/downloads/",
            "license": [
                "MIT"
            ],
            "authors": [
                {
                    "name": "Taylor Otwell",
                    "email": "taylorotwell@gmail.com"
                }
            ],
            "description": "The Illuminate Filesystem package.",
            "homepage": "http://laravel.com",
            "time": "2016-05-31 15:08:27"
        },
        {
            "name": "illuminate/pipeline",
            "version": "v5.2.37",
            "source": {
                "type": "git",
                "url": "https://github.com/illuminate/pipeline.git",
                "reference": "0c97454ca225d35e530f94624654b1a25577cb1c"
            },
            "dist": {
                "type": "zip",
                "url": "https://packagist.phpcomposer.com/files/illuminate/pipeline/0c97454ca225d35e530f94624654b1a25577cb1c.zip",
                "reference": "0c97454ca225d35e530f94624654b1a25577cb1c",
                "shasum": ""
            },
            "require": {
                "illuminate/contracts": "5.2.*",
                "illuminate/support": "5.2.*",
                "php": ">=5.5.9"
            },
            "type": "library",
            "extra": {
                "branch-alias": {
                    "dev-master": "5.2-dev"
                }
            },
            "autoload": {
                "psr-4": {
                    "Illuminate\\Pipeline\\": ""
                }
            },
            "notification-url": "https://packagist.org/downloads/",
            "license": [
                "MIT"
            ],
            "authors": [
                {
                    "name": "Taylor Otwell",
                    "email": "taylorotwell@gmail.com"
                }
            ],
            "description": "The Illuminate Pipeline package.",
            "homepage": "http://laravel.com",
            "time": "2016-04-08 04:24:31"
        },
        {
            "name": "illuminate/queue",
            "version": "v5.2.37",
            "source": {
                "type": "git",
                "url": "https://github.com/illuminate/queue.git",
                "reference": "4e05c2184618e08273e8c159a6345a85bcff7b1a"
            },
            "dist": {
                "type": "zip",
                "url": "https://packagist.phpcomposer.com/files/illuminate/queue/4e05c2184618e08273e8c159a6345a85bcff7b1a.zip",
                "reference": "4e05c2184618e08273e8c159a6345a85bcff7b1a",
                "shasum": ""
            },
            "require": {
                "illuminate/console": "5.2.*",
                "illuminate/container": "5.2.*",
                "illuminate/contracts": "5.2.*",
                "illuminate/support": "5.2.*",
                "nesbot/carbon": "~1.20",
                "php": ">=5.5.9",
                "symfony/debug": "2.8.*|3.0.*",
                "symfony/process": "2.8.*|3.0.*"
            },
            "suggest": {
                "aws/aws-sdk-php": "Required to use the SQS queue driver (~3.0).",
                "illuminate/redis": "Required to use the Redis queue driver (5.2.*).",
                "pda/pheanstalk": "Required to use the Beanstalk queue driver (~3.0)."
            },
            "type": "library",
            "extra": {
                "branch-alias": {
                    "dev-master": "5.2-dev"
                }
            },
            "autoload": {
                "psr-4": {
                    "Illuminate\\Queue\\": ""
                },
                "classmap": [
                    "IlluminateQueueClosure.php"
                ]
            },
            "notification-url": "https://packagist.org/downloads/",
            "license": [
                "MIT"
            ],
            "authors": [
                {
                    "name": "Taylor Otwell",
                    "email": "taylorotwell@gmail.com"
                }
            ],
            "description": "The Illuminate Queue package.",
            "homepage": "http://laravel.com",
            "time": "2016-06-09 01:50:28"
        },
        {
            "name": "illuminate/redis",
            "version": "v5.2.37",
            "source": {
                "type": "git",
                "url": "https://github.com/illuminate/redis.git",
                "reference": "ff6ccf5beeec85655e24316e5e18a2f76b8bad20"
            },
            "dist": {
                "type": "zip",
                "url": "https://packagist.phpcomposer.com/files/illuminate/redis/ff6ccf5beeec85655e24316e5e18a2f76b8bad20.zip",
                "reference": "ff6ccf5beeec85655e24316e5e18a2f76b8bad20",
                "shasum": ""
            },
            "require": {
                "illuminate/contracts": "5.2.*",
                "illuminate/support": "5.2.*",
                "php": ">=5.5.9",
                "predis/predis": "~1.0"
            },
            "type": "library",
            "extra": {
                "branch-alias": {
                    "dev-master": "5.2-dev"
                }
            },
            "autoload": {
                "psr-4": {
                    "Illuminate\\Redis\\": ""
                }
            },
            "notification-url": "https://packagist.org/downloads/",
            "license": [
                "MIT"
            ],
            "authors": [
                {
                    "name": "Taylor Otwell",
                    "email": "taylorotwell@gmail.com"
                }
            ],
            "description": "The Illuminate Redis package.",
            "homepage": "http://laravel.com",
            "time": "2015-06-22 20:36:58"
        },
        {
            "name": "illuminate/support",
            "version": "v5.2.37",
            "source": {
                "type": "git",
                "url": "https://github.com/illuminate/support.git",
                "reference": "6e86ac2b4e3d0c42c2dc846dbac3e74d378a812b"
            },
            "dist": {
                "type": "zip",
                "url": "https://packagist.phpcomposer.com/files/illuminate/support/6e86ac2b4e3d0c42c2dc846dbac3e74d378a812b.zip",
                "reference": "6e86ac2b4e3d0c42c2dc846dbac3e74d378a812b",
                "shasum": ""
            },
            "require": {
                "doctrine/inflector": "~1.0",
                "ext-mbstring": "*",
                "illuminate/contracts": "5.2.*",
                "paragonie/random_compat": "~1.4",
                "php": ">=5.5.9"
            },
            "suggest": {
                "illuminate/filesystem": "Required to use the composer class (5.2.*).",
                "jeremeamia/superclosure": "Required to be able to serialize closures (~2.2).",
                "symfony/polyfill-php56": "Required to use the hash_equals function on PHP 5.5 (~1.0).",
                "symfony/process": "Required to use the composer class (2.8.*|3.0.*).",
                "symfony/var-dumper": "Improves the dd function (2.8.*|3.0.*)."
            },
            "type": "library",
            "extra": {
                "branch-alias": {
                    "dev-master": "5.2-dev"
                }
            },
            "autoload": {
                "psr-4": {
                    "Illuminate\\Support\\": ""
                },
                "files": [
                    "helpers.php"
                ]
            },
            "notification-url": "https://packagist.org/downloads/",
            "license": [
                "MIT"
            ],
            "authors": [
                {
                    "name": "Taylor Otwell",
                    "email": "taylorotwell@gmail.com"
                }
            ],
            "description": "The Illuminate Support package.",
            "homepage": "http://laravel.com",
            "time": "2016-05-30 02:40:53"
        },
        {
            "name": "nesbot/carbon",
            "version": "1.21.0",
            "source": {
                "type": "git",
                "url": "https://github.com/briannesbitt/Carbon.git",
                "reference": "7b08ec6f75791e130012f206e3f7b0e76e18e3d7"
            },
            "dist": {
                "type": "zip",
                "url": "https://packagist.phpcomposer.com/files/briannesbitt/Carbon/7b08ec6f75791e130012f206e3f7b0e76e18e3d7.zip",
                "reference": "7b08ec6f75791e130012f206e3f7b0e76e18e3d7",
                "shasum": ""
            },
            "require": {
                "php": ">=5.3.0",
                "symfony/translation": "~2.6|~3.0"
            },
            "require-dev": {
                "phpunit/phpunit": "~4.0|~5.0"
            },
            "type": "library",
            "autoload": {
                "psr-4": {
                    "Carbon\\": "src/Carbon/"
                }
            },
            "notification-url": "https://packagist.org/downloads/",
            "license": [
                "MIT"
            ],
            "authors": [
                {
                    "name": "Brian Nesbitt",
                    "email": "brian@nesbot.com",
                    "homepage": "http://nesbot.com"
                }
            ],
            "description": "A simple API extension for DateTime.",
            "homepage": "http://carbon.nesbot.com",
            "keywords": [
                "date",
                "datetime",
                "time"
            ],
            "time": "2015-11-04 20:07:17"
        },
        {
            "name": "paragonie/random_compat",
            "version": "v1.4.1",
            "source": {
                "type": "git",
                "url": "https://github.com/paragonie/random_compat.git",
                "reference": "c7e26a21ba357863de030f0b9e701c7d04593774"
            },
            "dist": {
                "type": "zip",
                "url": "https://packagist.phpcomposer.com/files/paragonie/random_compat/c7e26a21ba357863de030f0b9e701c7d04593774.zip",
                "reference": "c7e26a21ba357863de030f0b9e701c7d04593774",
                "shasum": ""
            },
            "require": {
                "php": ">=5.2.0"
            },
            "require-dev": {
                "phpunit/phpunit": "4.*|5.*"
            },
            "suggest": {
                "ext-libsodium": "Provides a modern crypto API that can be used to generate random bytes."
            },
            "type": "library",
            "autoload": {
                "files": [
                    "lib/random.php"
                ]
            },
            "notification-url": "https://packagist.org/downloads/",
            "license": [
                "MIT"
            ],
            "authors": [
                {
                    "name": "Paragon Initiative Enterprises",
                    "email": "security@paragonie.com",
                    "homepage": "https://paragonie.com"
                }
            ],
            "description": "PHP 5.x polyfill for random_bytes() and random_int() from PHP 7",
            "keywords": [
                "csprng",
                "pseudorandom",
                "random"
            ],
            "time": "2016-03-18 20:34:03"
        },
        {
            "name": "predis/predis",
            "version": "v1.1.1",
            "source": {
                "type": "git",
                "url": "https://github.com/nrk/predis.git",
                "reference": "f0210e38881631afeafb56ab43405a92cafd9fd1"
            },
            "dist": {
                "type": "zip",
                "url": "https://packagist.phpcomposer.com/files/nrk/predis/f0210e38881631afeafb56ab43405a92cafd9fd1.zip",
                "reference": "f0210e38881631afeafb56ab43405a92cafd9fd1",
                "shasum": ""
            },
            "require": {
                "php": ">=5.3.9"
            },
            "require-dev": {
                "phpunit/phpunit": "~4.8"
            },
            "suggest": {
                "ext-curl": "Allows access to Webdis when paired with phpiredis",
                "ext-phpiredis": "Allows faster serialization and deserialization of the Redis protocol"
            },
            "type": "library",
            "autoload": {
                "psr-4": {
                    "Predis\\": "src/"
                }
            },
            "notification-url": "https://packagist.org/downloads/",
            "license": [
                "MIT"
            ],
            "authors": [
                {
                    "name": "Daniele Alessandri",
                    "email": "suppakilla@gmail.com",
                    "homepage": "http://clorophilla.net"
                }
            ],
            "description": "Flexible and feature-complete Redis client for PHP and HHVM",
            "homepage": "http://github.com/nrk/predis",
            "keywords": [
                "nosql",
                "predis",
                "redis"
            ],
            "time": "2016-06-16 16:22:20"
        },
        {
            "name": "psr/log",
            "version": "1.0.0",
            "source": {
                "type": "git",
                "url": "https://github.com/php-fig/log.git",
                "reference": "fe0936ee26643249e916849d48e3a51d5f5e278b"
            },
            "dist": {
                "type": "zip",
                "url": "https://packagist.phpcomposer.com/files/php-fig/log/fe0936ee26643249e916849d48e3a51d5f5e278b.zip",
                "reference": "fe0936ee26643249e916849d48e3a51d5f5e278b",
                "shasum": ""
            },
            "type": "library",
            "autoload": {
                "psr-0": {
                    "Psr\\Log\\": ""
                }
            },
            "notification-url": "https://packagist.org/downloads/",
            "license": [
                "MIT"
            ],
            "authors": [
                {
                    "name": "PHP-FIG",
                    "homepage": "http://www.php-fig.org/"
                }
            ],
            "description": "Common interface for logging libraries",
            "keywords": [
                "log",
                "psr",
                "psr-3"
            ],
            "time": "2012-12-21 11:40:51"
        },
        {
            "name": "symfony/console",
            "version": "v3.0.8",
            "source": {
                "type": "git",
                "url": "https://github.com/symfony/console.git",
                "reference": "a7abb7153f6d1da47f87ec50274844e246b09d9f"
            },
            "dist": {
                "type": "zip",
                "url": "https://packagist.phpcomposer.com/files/symfony/console/a7abb7153f6d1da47f87ec50274844e246b09d9f.zip",
                "reference": "a7abb7153f6d1da47f87ec50274844e246b09d9f",
                "shasum": ""
            },
            "require": {
                "php": ">=5.5.9",
                "symfony/polyfill-mbstring": "~1.0"
            },
            "require-dev": {
                "psr/log": "~1.0",
                "symfony/event-dispatcher": "~2.8|~3.0",
                "symfony/process": "~2.8|~3.0"
            },
            "suggest": {
                "psr/log": "For using the console logger",
                "symfony/event-dispatcher": "",
                "symfony/process": ""
            },
            "type": "library",
            "extra": {
                "branch-alias": {
                    "dev-master": "3.0-dev"
                }
            },
            "autoload": {
                "psr-4": {
                    "Symfony\\Component\\Console\\": ""
                },
                "exclude-from-classmap": [
                    "/Tests/"
                ]
            },
            "notification-url": "https://packagist.org/downloads/",
            "license": [
                "MIT"
            ],
            "authors": [
                {
                    "name": "Fabien Potencier",
                    "email": "fabien@symfony.com"
                },
                {
                    "name": "Symfony Community",
                    "homepage": "https://symfony.com/contributors"
                }
            ],
            "description": "Symfony Console Component",
            "homepage": "https://symfony.com",
            "time": "2016-06-29 07:02:21"
        },
        {
            "name": "symfony/debug",
            "version": "v3.0.8",
            "source": {
                "type": "git",
                "url": "https://github.com/symfony/debug.git",
                "reference": "c54bc3539c3b87e86799533801e8ae0e971d78c2"
            },
            "dist": {
                "type": "zip",
                "url": "https://packagist.phpcomposer.com/files/symfony/debug/c54bc3539c3b87e86799533801e8ae0e971d78c2.zip",
                "reference": "c54bc3539c3b87e86799533801e8ae0e971d78c2",
                "shasum": ""
            },
            "require": {
                "php": ">=5.5.9",
                "psr/log": "~1.0"
            },
            "conflict": {
                "symfony/http-kernel": ">=2.3,<2.3.24|~2.4.0|>=2.5,<2.5.9|>=2.6,<2.6.2"
            },
            "require-dev": {
                "symfony/class-loader": "~2.8|~3.0",
                "symfony/http-kernel": "~2.8|~3.0"
            },
            "type": "library",
            "extra": {
                "branch-alias": {
                    "dev-master": "3.0-dev"
                }
            },
            "autoload": {
                "psr-4": {
                    "Symfony\\Component\\Debug\\": ""
                },
                "exclude-from-classmap": [
                    "/Tests/"
                ]
            },
            "notification-url": "https://packagist.org/downloads/",
            "license": [
                "MIT"
            ],
            "authors": [
                {
                    "name": "Fabien Potencier",
                    "email": "fabien@symfony.com"
                },
                {
                    "name": "Symfony Community",
                    "homepage": "https://symfony.com/contributors"
                }
            ],
            "description": "Symfony Debug Component",
            "homepage": "https://symfony.com",
            "time": "2016-06-29 05:40:00"
        },
        {
            "name": "symfony/finder",
            "version": "v3.0.8",
            "source": {
                "type": "git",
                "url": "https://github.com/symfony/finder.git",
                "reference": "3eb4e64c6145ef8b92adefb618a74ebdde9e3fe9"
            },
            "dist": {
                "type": "zip",
                "url": "https://packagist.phpcomposer.com/files/symfony/finder/3eb4e64c6145ef8b92adefb618a74ebdde9e3fe9.zip",
                "reference": "3eb4e64c6145ef8b92adefb618a74ebdde9e3fe9",
                "shasum": ""
            },
            "require": {
                "php": ">=5.5.9"
            },
            "type": "library",
            "extra": {
                "branch-alias": {
                    "dev-master": "3.0-dev"
                }
            },
            "autoload": {
                "psr-4": {
                    "Symfony\\Component\\Finder\\": ""
                },
                "exclude-from-classmap": [
                    "/Tests/"
                ]
            },
            "notification-url": "https://packagist.org/downloads/",
            "license": [
                "MIT"
            ],
            "authors": [
                {
                    "name": "Fabien Potencier",
                    "email": "fabien@symfony.com"
                },
                {
                    "name": "Symfony Community",
                    "homepage": "https://symfony.com/contributors"
                }
            ],
            "description": "Symfony Finder Component",
            "homepage": "https://symfony.com",
            "time": "2016-06-29 05:40:00"
        },
        {
            "name": "symfony/polyfill-mbstring",
            "version": "v1.2.0",
            "source": {
                "type": "git",
                "url": "https://github.com/symfony/polyfill-mbstring.git",
                "reference": "dff51f72b0706335131b00a7f49606168c582594"
            },
            "dist": {
                "type": "zip",
                "url": "https://packagist.phpcomposer.com/files/symfony/polyfill-mbstring/dff51f72b0706335131b00a7f49606168c582594.zip",
                "reference": "dff51f72b0706335131b00a7f49606168c582594",
                "shasum": ""
            },
            "require": {
                "php": ">=5.3.3"
            },
            "suggest": {
                "ext-mbstring": "For best performance"
            },
            "type": "library",
            "extra": {
                "branch-alias": {
                    "dev-master": "1.2-dev"
                }
            },
            "autoload": {
                "psr-4": {
                    "Symfony\\Polyfill\\Mbstring\\": ""
                },
                "files": [
                    "bootstrap.php"
                ]
            },
            "notification-url": "https://packagist.org/downloads/",
            "license": [
                "MIT"
            ],
            "authors": [
                {
                    "name": "Nicolas Grekas",
                    "email": "p@tchwork.com"
                },
                {
                    "name": "Symfony Community",
                    "homepage": "https://symfony.com/contributors"
                }
            ],
            "description": "Symfony polyfill for the Mbstring extension",
            "homepage": "https://symfony.com",
            "keywords": [
                "compatibility",
                "mbstring",
                "polyfill",
                "portable",
                "shim"
            ],
            "time": "2016-05-18 14:26:46"
        },
        {
            "name": "symfony/process",
            "version": "v3.0.8",
            "source": {
                "type": "git",
                "url": "https://github.com/symfony/process.git",
                "reference": "d7cde1f9d94d87060204f863779389b61c382eeb"
            },
            "dist": {
                "type": "zip",
                "url": "https://packagist.phpcomposer.com/files/symfony/process/d7cde1f9d94d87060204f863779389b61c382eeb.zip",
                "reference": "d7cde1f9d94d87060204f863779389b61c382eeb",
                "shasum": ""
            },
            "require": {
                "php": ">=5.5.9"
            },
            "type": "library",
            "extra": {
                "branch-alias": {
                    "dev-master": "3.0-dev"
                }
            },
            "autoload": {
                "psr-4": {
                    "Symfony\\Component\\Process\\": ""
                },
                "exclude-from-classmap": [
                    "/Tests/"
                ]
            },
            "notification-url": "https://packagist.org/downloads/",
            "license": [
                "MIT"
            ],
            "authors": [
                {
                    "name": "Fabien Potencier",
                    "email": "fabien@symfony.com"
                },
                {
                    "name": "Symfony Community",
                    "homepage": "https://symfony.com/contributors"
                }
            ],
            "description": "Symfony Process Component",
            "homepage": "https://symfony.com",
            "time": "2016-06-29 05:40:00"
        },
        {
            "name": "symfony/translation",
            "version": "v3.1.2",
            "source": {
                "type": "git",
                "url": "https://github.com/symfony/translation.git",
                "reference": "d63a94528530c3ea5ff46924c8001cec4a398609"
            },
            "dist": {
                "type": "zip",
                "url": "https://packagist.phpcomposer.com/files/symfony/translation/d63a94528530c3ea5ff46924c8001cec4a398609.zip",
                "reference": "d63a94528530c3ea5ff46924c8001cec4a398609",
                "shasum": ""
            },
            "require": {
                "php": ">=5.5.9",
                "symfony/polyfill-mbstring": "~1.0"
            },
            "conflict": {
                "symfony/config": "<2.8"
            },
            "require-dev": {
                "psr/log": "~1.0",
                "symfony/config": "~2.8|~3.0",
                "symfony/intl": "~2.8|~3.0",
                "symfony/yaml": "~2.8|~3.0"
            },
            "suggest": {
                "psr/log": "To use logging capability in translator",
                "symfony/config": "",
                "symfony/yaml": ""
            },
            "type": "library",
            "extra": {
                "branch-alias": {
                    "dev-master": "3.1-dev"
                }
            },
            "autoload": {
                "psr-4": {
                    "Symfony\\Component\\Translation\\": ""
                },
                "exclude-from-classmap": [
                    "/Tests/"
                ]
            },
            "notification-url": "https://packagist.org/downloads/",
            "license": [
                "MIT"
            ],
            "authors": [
                {
                    "name": "Fabien Potencier",
                    "email": "fabien@symfony.com"
                },
                {
                    "name": "Symfony Community",
                    "homepage": "https://symfony.com/contributors"
                }
            ],
            "description": "Symfony Translation Component",
            "homepage": "https://symfony.com",
            "time": "2016-06-29 05:41:56"
        }
    ],
    "packages-dev": [],
    "aliases": [],
    "minimum-stability": "stable",
    "stability-flags": [],
    "prefer-stable": false,
    "prefer-lowest": false,
    "platform": [],
    "platform-dev": []
}
